
Microsoft Visual Studio Solution File, Format Version 12.00
# Visual Studio Version 17
VisualStudioVersion = 17.3.32901.215
MinimumVisualStudioVersion = 10.0.40219.1
Project("{FAE04EC0-301F-11D3-BF4B-00C04F79EFBC}") = "CNTT129_NetCore", "CNTT129_NetCore\CNTT129_NetCore.csproj", "{9E404848-7F7A-4176-9098-10EFCC38DDF6}"
EndProject
Global
	GlobalSection(SolutionConfigurationPlatforms) = preSolution
		Debug|Any CPU = Debug|Any CPU
		Release|Any CPU = Release|Any CPU
	EndGlobalSection
	GlobalSection(ProjectConfigurationPlatforms) = postSolution
		{9E404848-7F7A-4176-9098-10EFCC38DDF6}.Debug|Any CPU.ActiveCfg = Debug|Any CPU
		{9E404848-7F7A-4176-9098-10EFCC38DDF6}.Debug|Any CPU.Build.0 = Debug|Any CPU
		{9E404848-7F7A-4176-9098-10EFCC38DDF6}.Release|Any CPU.ActiveCfg = Release|Any CPU
		{9E404848-7F7A-4176-9098-10EFCC38DDF6}.Release|Any CPU.Build.0 = Release|Any CPU
	EndGlobalSection
	GlobalSection(SolutionProperties) = preSolution
		HideSolutionNode = FALSE
	EndGlobalSection
	GlobalSection(ExtensibilityGlobals) = postSolution
		SolutionGuid = {F30DACD2-88E5-4D8E-8AFF-F4972ECB2C22}
	EndGlobalSection
EndGlobal
